
Microsoft Visual Studio Solution File, Format Version 12.00
# Visual Studio 2015
Project("{FAE04EC0-301F-11D3-BF4B-00C04F79EFBC}") = "stair_race_fallingfire - Testing for show.CSharp", "stair_race_fallingfire - Testing for show.CSharp.csproj", "{B732A72C-D224-56A5-6948-580E415766A7}"
EndProject
Global
	GlobalSection(SolutionConfigurationPlatforms) = preSolution
		Debug|Any CPU = Debug|Any CPU
		Release|Any CPU = Release|Any CPU
	EndGlobalSection
	GlobalSection(ProjectConfigurationPlatforms) = postSolution
		{B732A72C-D224-56A5-6948-580E415766A7}.Debug|Any CPU.ActiveCfg = Debug|Any CPU
		{B732A72C-D224-56A5-6948-580E415766A7}.Debug|Any CPU.Build.0 = Debug|Any CPU
		{B732A72C-D224-56A5-6948-580E415766A7}.Release|Any CPU.ActiveCfg = Release|Any CPU
		{B732A72C-D224-56A5-6948-580E415766A7}.Release|Any CPU.Build.0 = Release|Any CPU
	EndGlobalSection
	GlobalSection(SolutionProperties) = preSolution
		HideSolutionNode = FALSE
	EndGlobalSection
EndGlobal
